
Microsoft Visual Studio Solution File, Format Version 12.00
# Visual Studio Version 17
VisualStudioVersion = 17.8.34511.84
MinimumVisualStudioVersion = 10.0.40219.1
Project("{2150E333-8FDC-42A3-9474-1A3956D46DE8}") = "Domain", "Domain", "{E8DD6D5D-4CF4-4C75-8613-FBDEB8FC872E}"
EndProject
Project("{2150E333-8FDC-42A3-9474-1A3956D46DE8}") = "Application", "Application", "{768EE453-56D5-48D2-B771-E2CF3A6E4603}"
EndProject
Project("{2150E333-8FDC-42A3-9474-1A3956D46DE8}") = "Infrastructure", "Infrastructure", "{CB835FCE-1B52-4575-8000-66753E77B30F}"
EndProject
Project("{2150E333-8FDC-42A3-9474-1A3956D46DE8}") = "Api", "Api", "{F280DE96-0225-402C-8161-FE1EA07DB734}"
EndProject
Project("{2150E333-8FDC-42A3-9474-1A3956D46DE8}") = "Test", "Test", "{D5E26874-54C4-43FC-BFF9-40CB8B905D22}"
EndProject
Project("{FAE04EC0-301F-11D3-BF4B-00C04F79EFBC}") = "TaskManager.Task.Domain", "TaskManager.Task.Domain\TaskManager.Task.Domain.csproj", "{E1945253-59CD-487F-866B-DE01B53FB774}"
EndProject
Project("{FAE04EC0-301F-11D3-BF4B-00C04F79EFBC}") = "TaskManager.User.Domain", "TaskManager.User.Domain\TaskManager.User.Domain.csproj", "{245AF651-1BAE-4D3B-BB2F-CCB31F99A653}"
EndProject
Project("{FAE04EC0-301F-11D3-BF4B-00C04F79EFBC}") = "TaskManager.Task.Application", "TaskManager.Task.Application\TaskManager.Task.Application.csproj", "{C82BDE4D-7BEE-4E80-AD86-40A5D219EE89}"
EndProject
Project("{FAE04EC0-301F-11D3-BF4B-00C04F79EFBC}") = "TaskManager.User.Application", "TaskManager.User.Application\TaskManager.User.Application.csproj", "{74E0C055-BE3A-4D1C-ADFC-5C9C92A78FE6}"
EndProject
Project("{FAE04EC0-301F-11D3-BF4B-00C04F79EFBC}") = "TaskManager.Api", "TaskManager.Api\TaskManager.Api.csproj", "{ABC6FC6E-09FB-4F09-86EE-060248F5A366}"
EndProject
Project("{FAE04EC0-301F-11D3-BF4B-00C04F79EFBC}") = "TaskManager.Task.Infrastructure", "TaskManager.Task.Infrastructure\TaskManager.Task.Infrastructure.csproj", "{B7D03A49-22C2-42DC-8AAD-FBA29B7A6016}"
EndProject
Project("{FAE04EC0-301F-11D3-BF4B-00C04F79EFBC}") = "TaskManager.User.Infrastructure", "TaskManager.User.Infrastructure\TaskManager.User.Infrastructure.csproj", "{3A8C349B-C24D-4FD0-AA7E-BCBE046AFA84}"
EndProject
Global
	GlobalSection(SolutionConfigurationPlatforms) = preSolution
		Debug|Any CPU = Debug|Any CPU
		Release|Any CPU = Release|Any CPU
	EndGlobalSection
	GlobalSection(ProjectConfigurationPlatforms) = postSolution
		{E1945253-59CD-487F-866B-DE01B53FB774}.Debug|Any CPU.ActiveCfg = Debug|Any CPU
		{E1945253-59CD-487F-866B-DE01B53FB774}.Debug|Any CPU.Build.0 = Debug|Any CPU
		{E1945253-59CD-487F-866B-DE01B53FB774}.Release|Any CPU.ActiveCfg = Release|Any CPU
		{E1945253-59CD-487F-866B-DE01B53FB774}.Release|Any CPU.Build.0 = Release|Any CPU
		{245AF651-1BAE-4D3B-BB2F-CCB31F99A653}.Debug|Any CPU.ActiveCfg = Debug|Any CPU
		{245AF651-1BAE-4D3B-BB2F-CCB31F99A653}.Debug|Any CPU.Build.0 = Debug|Any CPU
		{245AF651-1BAE-4D3B-BB2F-CCB31F99A653}.Release|Any CPU.ActiveCfg = Release|Any CPU
		{245AF651-1BAE-4D3B-BB2F-CCB31F99A653}.Release|Any CPU.Build.0 = Release|Any CPU
		{C82BDE4D-7BEE-4E80-AD86-40A5D219EE89}.Debug|Any CPU.ActiveCfg = Debug|Any CPU
		{C82BDE4D-7BEE-4E80-AD86-40A5D219EE89}.Debug|Any CPU.Build.0 = Debug|Any CPU
		{C82BDE4D-7BEE-4E80-AD86-40A5D219EE89}.Release|Any CPU.ActiveCfg = Release|Any CPU
		{C82BDE4D-7BEE-4E80-AD86-40A5D219EE89}.Release|Any CPU.Build.0 = Release|Any CPU
		{74E0C055-BE3A-4D1C-ADFC-5C9C92A78FE6}.Debug|Any CPU.ActiveCfg = Debug|Any CPU
		{74E0C055-BE3A-4D1C-ADFC-5C9C92A78FE6}.Debug|Any CPU.Build.0 = Debug|Any CPU
		{74E0C055-BE3A-4D1C-ADFC-5C9C92A78FE6}.Release|Any CPU.ActiveCfg = Release|Any CPU
		{74E0C055-BE3A-4D1C-ADFC-5C9C92A78FE6}.Release|Any CPU.Build.0 = Release|Any CPU
		{ABC6FC6E-09FB-4F09-86EE-060248F5A366}.Debug|Any CPU.ActiveCfg = Debug|Any CPU
		{ABC6FC6E-09FB-4F09-86EE-060248F5A366}.Debug|Any CPU.Build.0 = Debug|Any CPU
		{ABC6FC6E-09FB-4F09-86EE-060248F5A366}.Release|Any CPU.ActiveCfg = Release|Any CPU
		{ABC6FC6E-09FB-4F09-86EE-060248F5A366}.Release|Any CPU.Build.0 = Release|Any CPU
		{B7D03A49-22C2-42DC-8AAD-FBA29B7A6016}.Debug|Any CPU.ActiveCfg = Debug|Any CPU
		{B7D03A49-22C2-42DC-8AAD-FBA29B7A6016}.Debug|Any CPU.Build.0 = Debug|Any CPU
		{B7D03A49-22C2-42DC-8AAD-FBA29B7A6016}.Release|Any CPU.ActiveCfg = Release|Any CPU
		{B7D03A49-22C2-42DC-8AAD-FBA29B7A6016}.Release|Any CPU.Build.0 = Release|Any CPU
		{3A8C349B-C24D-4FD0-AA7E-BCBE046AFA84}.Debug|Any CPU.ActiveCfg = Debug|Any CPU
		{3A8C349B-C24D-4FD0-AA7E-BCBE046AFA84}.Debug|Any CPU.Build.0 = Debug|Any CPU
		{3A8C349B-C24D-4FD0-AA7E-BCBE046AFA84}.Release|Any CPU.ActiveCfg = Release|Any CPU
		{3A8C349B-C24D-4FD0-AA7E-BCBE046AFA84}.Release|Any CPU.Build.0 = Release|Any CPU
	EndGlobalSection
	GlobalSection(SolutionProperties) = preSolution
		HideSolutionNode = FALSE
	EndGlobalSection
	GlobalSection(NestedProjects) = preSolution
		{E1945253-59CD-487F-866B-DE01B53FB774} = {E8DD6D5D-4CF4-4C75-8613-FBDEB8FC872E}
		{245AF651-1BAE-4D3B-BB2F-CCB31F99A653} = {E8DD6D5D-4CF4-4C75-8613-FBDEB8FC872E}
		{C82BDE4D-7BEE-4E80-AD86-40A5D219EE89} = {768EE453-56D5-48D2-B771-E2CF3A6E4603}
		{74E0C055-BE3A-4D1C-ADFC-5C9C92A78FE6} = {768EE453-56D5-48D2-B771-E2CF3A6E4603}
		{ABC6FC6E-09FB-4F09-86EE-060248F5A366} = {F280DE96-0225-402C-8161-FE1EA07DB734}
		{B7D03A49-22C2-42DC-8AAD-FBA29B7A6016} = {CB835FCE-1B52-4575-8000-66753E77B30F}
		{3A8C349B-C24D-4FD0-AA7E-BCBE046AFA84} = {CB835FCE-1B52-4575-8000-66753E77B30F}
	EndGlobalSection
	GlobalSection(ExtensibilityGlobals) = postSolution
		SolutionGuid = {228BF42F-C29C-417F-AF78-2EBA4D2F7C65}
	EndGlobalSection
EndGlobal
